// !$*UTF8*$!
{
	archiveVersion = 1;
	classes = {
	};
	objectVersion = 51;
	objects = {

/* Begin PBXBuildFile section */
		2A64DBD6702DF3DDE498F061 /* Pods_Lidora.framework in Frameworks */ = {isa = PBXBuildFile; fileRef = E4F2BF5B6420209FE8CEB195 /* Pods_Lidora.framework */; };
		6D01CD2E2511719D00F4D746 /* AuthService.swift in Sources */ = {isa = PBXBuildFile; fileRef = 6D01CD2D2511719D00F4D746 /* AuthService.swift */; };
		6D01CD31251182D600F4D746 /* AuthViewController.swift in Sources */ = {isa = PBXBuildFile; fileRef = 6D01CD30251182D600F4D746 /* AuthViewController.swift */; };
		6D01CD332511843A00F4D746 /* LoadingButton.swift in Sources */ = {isa = PBXBuildFile; fileRef = 6D01CD322511843A00F4D746 /* LoadingButton.swift */; };
		6D2FCFC62506050A00ABFBC1 /* MenuViewController.swift in Sources */ = {isa = PBXBuildFile; fileRef = 6D2FCFC52506050A00ABFBC1 /* MenuViewController.swift */; };
		6D572E8C24F677AB0077A7A0 /* AppDelegate.swift in Sources */ = {isa = PBXBuildFile; fileRef = 6D572E8B24F677AB0077A7A0 /* AppDelegate.swift */; };
		6D572E8E24F677AB0077A7A0 /* SceneDelegate.swift in Sources */ = {isa = PBXBuildFile; fileRef = 6D572E8D24F677AB0077A7A0 /* SceneDelegate.swift */; };
		6D572E9324F677AB0077A7A0 /* Main.storyboard in Resources */ = {isa = PBXBuildFile; fileRef = 6D572E9124F677AB0077A7A0 /* Main.storyboard */; };
		6D572E9524F677AE0077A7A0 /* Assets.xcassets in Resources */ = {isa = PBXBuildFile; fileRef = 6D572E9424F677AE0077A7A0 /* Assets.xcassets */; };
		6D572E9824F677AE0077A7A0 /* LaunchScreen.storyboard in Resources */ = {isa = PBXBuildFile; fileRef = 6D572E9624F677AE0077A7A0 /* LaunchScreen.storyboard */; };
		6D83AD05250EA3F7005D1121 /* TitleView.swift in Sources */ = {isa = PBXBuildFile; fileRef = 6D83AD04250EA3F7005D1121 /* TitleView.swift */; };
		6D83AD08250EB02D005D1121 /* DateFormatter.swift in Sources */ = {isa = PBXBuildFile; fileRef = 6D83AD07250EB02D005D1121 /* DateFormatter.swift */; };
		6D83AD0A250EB931005D1121 /* MessageAlert.swift in Sources */ = {isa = PBXBuildFile; fileRef = 6D83AD09250EB931005D1121 /* MessageAlert.swift */; };
		6D87A83925099710008C2DC2 /* Card.swift in Sources */ = {isa = PBXBuildFile; fileRef = 6D87A83825099710008C2DC2 /* Card.swift */; };
		6D87A83B25099873008C2DC2 /* User.swift in Sources */ = {isa = PBXBuildFile; fileRef = 6D87A83A25099873008C2DC2 /* User.swift */; };
		6D87A83D25099B83008C2DC2 /* PaymentListViewController.swift in Sources */ = {isa = PBXBuildFile; fileRef = 6D87A83C25099B83008C2DC2 /* PaymentListViewController.swift */; };
		6DA4DA982505943B0048A3CE /* CardViewController.swift in Sources */ = {isa = PBXBuildFile; fileRef = 6DA4DA972505943B0048A3CE /* CardViewController.swift */; };
		6DA4DA9B2505B11E0048A3CE /* LocationView.swift in Sources */ = {isa = PBXBuildFile; fileRef = 6DA4DA9A2505B11E0048A3CE /* LocationView.swift */; };
		6DA4DA9D2505C31F0048A3CE /* LocationViewController.swift in Sources */ = {isa = PBXBuildFile; fileRef = 6DA4DA9C2505C31F0048A3CE /* LocationViewController.swift */; };
		6DA4DA9F2505CF1D0048A3CE /* ChefCell.swift in Sources */ = {isa = PBXBuildFile; fileRef = 6DA4DA9E2505CF1D0048A3CE /* ChefCell.swift */; };
		6DA82D822502992200EF8261 /* GoogleService-Info.plist in Resources */ = {isa = PBXBuildFile; fileRef = 6DA82D812502992100EF8261 /* GoogleService-Info.plist */; };
		6DA91B7D2509596F002B70A0 /* DataService.swift in Sources */ = {isa = PBXBuildFile; fileRef = 6DA91B7C2509596F002B70A0 /* DataService.swift */; };
		6DB1E3502506E0510031B23D /* ChefSectionController.swift in Sources */ = {isa = PBXBuildFile; fileRef = 6DB1E34F2506E0510031B23D /* ChefSectionController.swift */; };
		6DB1E3522506F9720031B23D /* SettingsViewController.swift in Sources */ = {isa = PBXBuildFile; fileRef = 6DB1E3512506F9720031B23D /* SettingsViewController.swift */; };
		6DB1E35425071CD90031B23D /* EmptyView.swift in Sources */ = {isa = PBXBuildFile; fileRef = 6DB1E35325071CD90031B23D /* EmptyView.swift */; };
		6DB1E35725072D0E0031B23D /* LocationManager.swift in Sources */ = {isa = PBXBuildFile; fileRef = 6DB1E35625072D0E0031B23D /* LocationManager.swift */; };
		6DB1E35A250873B90031B23D /* OrdersViewController.swift in Sources */ = {isa = PBXBuildFile; fileRef = 6DB1E359250873B90031B23D /* OrdersViewController.swift */; };
		6DB1E35C25088D380031B23D /* PaymentViewController.swift in Sources */ = {isa = PBXBuildFile; fileRef = 6DB1E35B25088D380031B23D /* PaymentViewController.swift */; };
		6DC0EE9725058AE0003440A8 /* MainViewController.swift in Sources */ = {isa = PBXBuildFile; fileRef = 6DC0EE9625058AE0003440A8 /* MainViewController.swift */; };
		6DC0EE9A25058C74003440A8 /* Chef.swift in Sources */ = {isa = PBXBuildFile; fileRef = 6DC0EE9925058C74003440A8 /* Chef.swift */; };
		6DC57658250A963A0046A43D /* ChefSection.swift in Sources */ = {isa = PBXBuildFile; fileRef = 6DC57657250A963A0046A43D /* ChefSection.swift */; };
		6DC5765A250AC28E0046A43D /* ImageCell.swift in Sources */ = {isa = PBXBuildFile; fileRef = 6DC57659250AC28E0046A43D /* ImageCell.swift */; };
		6DCB7F872515BA7000190C3A /* HeaderCell.swift in Sources */ = {isa = PBXBuildFile; fileRef = 6DCB7F862515BA7000190C3A /* HeaderCell.swift */; };
		6DCB7F892515BCC400190C3A /* OrderSection.swift in Sources */ = {isa = PBXBuildFile; fileRef = 6DCB7F882515BCC400190C3A /* OrderSection.swift */; };
		6DCB7F8B2515BE0300190C3A /* OrderInfoSection.swift in Sources */ = {isa = PBXBuildFile; fileRef = 6DCB7F8A2515BE0300190C3A /* OrderInfoSection.swift */; };
		6DD7B7F3250B29D10044A8DF /* InfoCell.swift in Sources */ = {isa = PBXBuildFile; fileRef = 6DD7B7F2250B29D10044A8DF /* InfoCell.swift */; };
		6DD7B7F5250B4D1D0044A8DF /* MenuSection.swift in Sources */ = {isa = PBXBuildFile; fileRef = 6DD7B7F4250B4D1D0044A8DF /* MenuSection.swift */; };
		6DD7B7F9250BD0FE0044A8DF /* MenuCell.swift in Sources */ = {isa = PBXBuildFile; fileRef = 6DD7B7F8250BD0FE0044A8DF /* MenuCell.swift */; };
		6DD7B7FB250BE1D50044A8DF /* ScheduleViewController.swift in Sources */ = {isa = PBXBuildFile; fileRef = 6DD7B7FA250BE1D50044A8DF /* ScheduleViewController.swift */; };
		6DD7B7FD250BE6720044A8DF /* OverView.swift in Sources */ = {isa = PBXBuildFile; fileRef = 6DD7B7FC250BE6720044A8DF /* OverView.swift */; };
		6DD7B7FF250C5D050044A8DF /* Order.swift in Sources */ = {isa = PBXBuildFile; fileRef = 6DD7B7FE250C5D050044A8DF /* Order.swift */; };
		6DD7B801250DA3840044A8DF /* CardSection.swift in Sources */ = {isa = PBXBuildFile; fileRef = 6DD7B800250DA3840044A8DF /* CardSection.swift */; };
		6DD7B803250DD39B0044A8DF /* OrderCell.swift in Sources */ = {isa = PBXBuildFile; fileRef = 6DD7B802250DD39B0044A8DF /* OrderCell.swift */; };
		6DE65684250FEABB0098296A /* ChangePasswordViewController.swift in Sources */ = {isa = PBXBuildFile; fileRef = 6DE65683250FEABA0098296A /* ChangePasswordViewController.swift */; };
		6DE65686250FED4F0098296A /* TextFieldCell.swift in Sources */ = {isa = PBXBuildFile; fileRef = 6DE65685250FED4F0098296A /* TextFieldCell.swift */; };
		6DE65688250FEDFB0098296A /* Extension.swift in Sources */ = {isa = PBXBuildFile; fileRef = 6DE65687250FEDFB0098296A /* Extension.swift */; };
		6DE6568A250FEE510098296A /* FieldRect.swift in Sources */ = {isa = PBXBuildFile; fileRef = 6DE65689250FEE510098296A /* FieldRect.swift */; };
		6DE6568C250FFCE10098296A /* EmbeddedCollectionViewCell.swift in Sources */ = {isa = PBXBuildFile; fileRef = 6DE6568B250FFCE10098296A /* EmbeddedCollectionViewCell.swift */; };
		6DE6568E2510032B0098296A /* ListSection.swift in Sources */ = {isa = PBXBuildFile; fileRef = 6DE6568D2510032B0098296A /* ListSection.swift */; };
/* End PBXBuildFile section */

/* Begin PBXFileReference section */
		6D01CD2D2511719D00F4D746 /* AuthService.swift */ = {isa = PBXFileReference; lastKnownFileType = sourcecode.swift; path = AuthService.swift; sourceTree = "<group>"; };
		6D01CD30251182D600F4D746 /* AuthViewController.swift */ = {isa = PBXFileReference; lastKnownFileType = sourcecode.swift; path = AuthViewController.swift; sourceTree = "<group>"; };
		6D01CD322511843A00F4D746 /* LoadingButton.swift */ = {isa = PBXFileReference; lastKnownFileType = sourcecode.swift; path = LoadingButton.swift; sourceTree = "<group>"; };
		6D2FCFC52506050A00ABFBC1 /* MenuViewController.swift */ = {isa = PBXFileReference; lastKnownFileType = sourcecode.swift; path = MenuViewController.swift; sourceTree = "<group>"; };
		6D3F96CF24FDC8D2000C1BBA /* Lidora.entitlements */ = {isa = PBXFileReference; lastKnownFileType = text.plist.entitlements; path = Lidora.entitlements; sourceTree = "<group>"; };
		6D572E8824F677AB0077A7A0 /* Lidora.app */ = {isa = PBXFileReference; explicitFileType = wrapper.application; includeInIndex = 0; path = Lidora.app; sourceTree = BUILT_PRODUCTS_DIR; };
		6D572E8B24F677AB0077A7A0 /* AppDelegate.swift */ = {isa = PBXFileReference; lastKnownFileType = sourcecode.swift; path = AppDelegate.swift; sourceTree = "<group>"; };
		6D572E8D24F677AB0077A7A0 /* SceneDelegate.swift */ = {isa = PBXFileReference; lastKnownFileType = sourcecode.swift; path = SceneDelegate.swift; sourceTree = "<group>"; };
		6D572E9224F677AB0077A7A0 /* Base */ = {isa = PBXFileReference; lastKnownFileType = file.storyboard; name = Base; path = Base.lproj/Main.storyboard; sourceTree = "<group>"; };
		6D572E9424F677AE0077A7A0 /* Assets.xcassets */ = {isa = PBXFileReference; lastKnownFileType = folder.assetcatalog; path = Assets.xcassets; sourceTree = "<group>"; };
		6D572E9724F677AE0077A7A0 /* Base */ = {isa = PBXFileReference; lastKnownFileType = file.storyboard; name = Base; path = Base.lproj/LaunchScreen.storyboard; sourceTree = "<group>"; };
		6D572E9924F677AE0077A7A0 /* Info.plist */ = {isa = PBXFileReference; lastKnownFileType = text.plist.xml; path = Info.plist; sourceTree = "<group>"; };
		6D83AD04250EA3F7005D1121 /* TitleView.swift */ = {isa = PBXFileReference; lastKnownFileType = sourcecode.swift; path = TitleView.swift; sourceTree = "<group>"; };
		6D83AD07250EB02D005D1121 /* DateFormatter.swift */ = {isa = PBXFileReference; lastKnownFileType = sourcecode.swift; path = DateFormatter.swift; sourceTree = "<group>"; };
		6D83AD09250EB931005D1121 /* MessageAlert.swift */ = {isa = PBXFileReference; lastKnownFileType = sourcecode.swift; path = MessageAlert.swift; sourceTree = "<group>"; };
		6D87A83825099710008C2DC2 /* Card.swift */ = {isa = PBXFileReference; lastKnownFileType = sourcecode.swift; path = Card.swift; sourceTree = "<group>"; };
		6D87A83A25099873008C2DC2 /* User.swift */ = {isa = PBXFileReference; lastKnownFileType = sourcecode.swift; path = User.swift; sourceTree = "<group>"; };
		6D87A83C25099B83008C2DC2 /* PaymentListViewController.swift */ = {isa = PBXFileReference; lastKnownFileType = sourcecode.swift; path = PaymentListViewController.swift; sourceTree = "<group>"; };
		6DA4DA972505943B0048A3CE /* CardViewController.swift */ = {isa = PBXFileReference; lastKnownFileType = sourcecode.swift; path = CardViewController.swift; sourceTree = "<group>"; };
		6DA4DA9A2505B11E0048A3CE /* LocationView.swift */ = {isa = PBXFileReference; lastKnownFileType = sourcecode.swift; path = LocationView.swift; sourceTree = "<group>"; };
		6DA4DA9C2505C31F0048A3CE /* LocationViewController.swift */ = {isa = PBXFileReference; lastKnownFileType = sourcecode.swift; path = LocationViewController.swift; sourceTree = "<group>"; };
		6DA4DA9E2505CF1D0048A3CE /* ChefCell.swift */ = {isa = PBXFileReference; lastKnownFileType = sourcecode.swift; path = ChefCell.swift; sourceTree = "<group>"; };
		6DA82D812502992100EF8261 /* GoogleService-Info.plist */ = {isa = PBXFileReference; lastKnownFileType = text.plist; path = "GoogleService-Info.plist"; sourceTree = SOURCE_ROOT; };
		6DA91B7C2509596F002B70A0 /* DataService.swift */ = {isa = PBXFileReference; lastKnownFileType = sourcecode.swift; path = DataService.swift; sourceTree = "<group>"; };
		6DB1E34F2506E0510031B23D /* ChefSectionController.swift */ = {isa = PBXFileReference; lastKnownFileType = sourcecode.swift; path = ChefSectionController.swift; sourceTree = "<group>"; };
		6DB1E3512506F9720031B23D /* SettingsViewController.swift */ = {isa = PBXFileReference; lastKnownFileType = sourcecode.swift; path = SettingsViewController.swift; sourceTree = "<group>"; };
		6DB1E35325071CD90031B23D /* EmptyView.swift */ = {isa = PBXFileReference; lastKnownFileType = sourcecode.swift; path = EmptyView.swift; sourceTree = "<group>"; };
		6DB1E35625072D0E0031B23D /* LocationManager.swift */ = {isa = PBXFileReference; lastKnownFileType = sourcecode.swift; name = LocationManager.swift; path = "../New Group/LocationManager.swift"; sourceTree = "<group>"; };
		6DB1E359250873B90031B23D /* OrdersViewController.swift */ = {isa = PBXFileReference; lastKnownFileType = sourcecode.swift; path = OrdersViewController.swift; sourceTree = "<group>"; };
		6DB1E35B25088D380031B23D /* PaymentViewController.swift */ = {isa = PBXFileReference; lastKnownFileType = sourcecode.swift; path = PaymentViewController.swift; sourceTree = "<group>"; };
		6DC0EE9625058AE0003440A8 /* MainViewController.swift */ = {isa = PBXFileReference; lastKnownFileType = sourcecode.swift; path = MainViewController.swift; sourceTree = "<group>"; };
		6DC0EE9925058C74003440A8 /* Chef.swift */ = {isa = PBXFileReference; lastKnownFileType = sourcecode.swift; path = Chef.swift; sourceTree = "<group>"; };
		6DC57657250A963A0046A43D /* ChefSection.swift */ = {isa = PBXFileReference; lastKnownFileType = sourcecode.swift; path = ChefSection.swift; sourceTree = "<group>"; };
		6DC57659250AC28E0046A43D /* ImageCell.swift */ = {isa = PBXFileReference; lastKnownFileType = sourcecode.swift; path = ImageCell.swift; sourceTree = "<group>"; };
		6DCB7F862515BA7000190C3A /* HeaderCell.swift */ = {isa = PBXFileReference; lastKnownFileType = sourcecode.swift; path = HeaderCell.swift; sourceTree = "<group>"; };
		6DCB7F882515BCC400190C3A /* OrderSection.swift */ = {isa = PBXFileReference; lastKnownFileType = sourcecode.swift; path = OrderSection.swift; sourceTree = "<group>"; };
		6DCB7F8A2515BE0300190C3A /* OrderInfoSection.swift */ = {isa = PBXFileReference; lastKnownFileType = sourcecode.swift; path = OrderInfoSection.swift; sourceTree = "<group>"; };
		6DD7B7F2250B29D10044A8DF /* InfoCell.swift */ = {isa = PBXFileReference; lastKnownFileType = sourcecode.swift; path = InfoCell.swift; sourceTree = "<group>"; };
		6DD7B7F4250B4D1D0044A8DF /* MenuSection.swift */ = {isa = PBXFileReference; lastKnownFileType = sourcecode.swift; path = MenuSection.swift; sourceTree = "<group>"; };
		6DD7B7F8250BD0FE0044A8DF /* MenuCell.swift */ = {isa = PBXFileReference; lastKnownFileType = sourcecode.swift; path = MenuCell.swift; sourceTree = "<group>"; };
		6DD7B7FA250BE1D50044A8DF /* ScheduleViewController.swift */ = {isa = PBXFileReference; lastKnownFileType = sourcecode.swift; path = ScheduleViewController.swift; sourceTree = "<group>"; };
		6DD7B7FC250BE6720044A8DF /* OverView.swift */ = {isa = PBXFileReference; lastKnownFileType = sourcecode.swift; path = OverView.swift; sourceTree = "<group>"; };
		6DD7B7FE250C5D050044A8DF /* Order.swift */ = {isa = PBXFileReference; lastKnownFileType = sourcecode.swift; path = Order.swift; sourceTree = "<group>"; };
		6DD7B800250DA3840044A8DF /* CardSection.swift */ = {isa = PBXFileReference; lastKnownFileType = sourcecode.swift; path = CardSection.swift; sourceTree = "<group>"; };
		6DD7B802250DD39B0044A8DF /* OrderCell.swift */ = {isa = PBXFileReference; lastKnownFileType = sourcecode.swift; path = OrderCell.swift; sourceTree = "<group>"; };
		6DE65683250FEABA0098296A /* ChangePasswordViewController.swift */ = {isa = PBXFileReference; lastKnownFileType = sourcecode.swift; path = ChangePasswordViewController.swift; sourceTree = "<group>"; };
		6DE65685250FED4F0098296A /* TextFieldCell.swift */ = {isa = PBXFileReference; lastKnownFileType = sourcecode.swift; path = TextFieldCell.swift; sourceTree = "<group>"; };
		6DE65687250FEDFB0098296A /* Extension.swift */ = {isa = PBXFileReference; lastKnownFileType = sourcecode.swift; path = Extension.swift; sourceTree = "<group>"; };
		6DE65689250FEE510098296A /* FieldRect.swift */ = {isa = PBXFileReference; lastKnownFileType = sourcecode.swift; path = FieldRect.swift; sourceTree = "<group>"; };
		6DE6568B250FFCE10098296A /* EmbeddedCollectionViewCell.swift */ = {isa = PBXFileReference; lastKnownFileType = sourcecode.swift; path = EmbeddedCollectionViewCell.swift; sourceTree = "<group>"; };
		6DE6568D2510032B0098296A /* ListSection.swift */ = {isa = PBXFileReference; lastKnownFileType = sourcecode.swift; path = ListSection.swift; sourceTree = "<group>"; };
		81A1E47AE9FA2C55C3CE715B /* Pods-Lidora.debug.xcconfig */ = {isa = PBXFileReference; includeInIndex = 1; lastKnownFileType = text.xcconfig; name = "Pods-Lidora.debug.xcconfig"; path = "Target Support Files/Pods-Lidora/Pods-Lidora.debug.xcconfig"; sourceTree = "<group>"; };
		D505CB90AB7BBAB0241D080F /* Pods-Lidora.release.xcconfig */ = {isa = PBXFileReference; includeInIndex = 1; lastKnownFileType = text.xcconfig; name = "Pods-Lidora.release.xcconfig"; path = "Target Support Files/Pods-Lidora/Pods-Lidora.release.xcconfig"; sourceTree = "<group>"; };
		E4F2BF5B6420209FE8CEB195 /* Pods_Lidora.framework */ = {isa = PBXFileReference; explicitFileType = wrapper.framework; includeInIndex = 0; path = Pods_Lidora.framework; sourceTree = BUILT_PRODUCTS_DIR; };
/* End PBXFileReference section */

/* Begin PBXFrameworksBuildPhase section */
		6D572E8524F677AB0077A7A0 /* Frameworks */ = {
			isa = PBXFrameworksBuildPhase;
			buildActionMask = 2147483647;
			files = (
				2A64DBD6702DF3DDE498F061 /* Pods_Lidora.framework in Frameworks */,
			);
			runOnlyForDeploymentPostprocessing = 0;
		};
/* End PBXFrameworksBuildPhase section */

/* Begin PBXGroup section */
		377FD62E0BC1B88BC754FF09 /* Frameworks */ = {
			isa = PBXGroup;
			children = (
				E4F2BF5B6420209FE8CEB195 /* Pods_Lidora.framework */,
			);
			name = Frameworks;
			sourceTree = "<group>";
		};
		65865A48C5BF2330B3A05EE8 /* Pods */ = {
			isa = PBXGroup;
			children = (
				81A1E47AE9FA2C55C3CE715B /* Pods-Lidora.debug.xcconfig */,
				D505CB90AB7BBAB0241D080F /* Pods-Lidora.release.xcconfig */,
			);
			path = Pods;
			sourceTree = "<group>";
		};
		6D01CD2C2511718500F4D746 /* Main */ = {
			isa = PBXGroup;
			children = (
				6DC0EE9625058AE0003440A8 /* MainViewController.swift */,
				6D2FCFC52506050A00ABFBC1 /* MenuViewController.swift */,
				6DA4DA972505943B0048A3CE /* CardViewController.swift */,
				6DA4DA9C2505C31F0048A3CE /* LocationViewController.swift */,
				6DB1E359250873B90031B23D /* OrdersViewController.swift */,
				6DD7B7FA250BE1D50044A8DF /* ScheduleViewController.swift */,
			);
			path = Main;
			sourceTree = "<group>";
		};
		6D01CD2F251182B100F4D746 /* Auth */ = {
			isa = PBXGroup;
			children = (
				6D01CD30251182D600F4D746 /* AuthViewController.swift */,
			);
			path = Auth;
			sourceTree = "<group>";
		};
		6D572E7F24F677AB0077A7A0 = {
			isa = PBXGroup;
			children = (
				6D572E8A24F677AB0077A7A0 /* Lidora */,
				6D572E8924F677AB0077A7A0 /* Products */,
				65865A48C5BF2330B3A05EE8 /* Pods */,
				377FD62E0BC1B88BC754FF09 /* Frameworks */,
			);
			sourceTree = "<group>";
		};
		6D572E8924F677AB0077A7A0 /* Products */ = {
			isa = PBXGroup;
			children = (
				6D572E8824F677AB0077A7A0 /* Lidora.app */,
			);
			name = Products;
			sourceTree = "<group>";
		};
		6D572E8A24F677AB0077A7A0 /* Lidora */ = {
			isa = PBXGroup;
			children = (
				6D83AD06250EB020005D1121 /* Utils */,
				6DC57656250A96290046A43D /* Section */,
				6DB1E35825072D150031B23D /* Services */,
				6DC0EE9825058C5F003440A8 /* Model */,
				6DA4DA992505B0F00048A3CE /* Views */,
				6DC0EE9525058AC1003440A8 /* ViewController  */,
				6D3F96CF24FDC8D2000C1BBA /* Lidora.entitlements */,
				6D572E8B24F677AB0077A7A0 /* AppDelegate.swift */,
				6D572E8D24F677AB0077A7A0 /* SceneDelegate.swift */,
				6D572E9124F677AB0077A7A0 /* Main.storyboard */,
				6DA82D812502992100EF8261 /* GoogleService-Info.plist */,
				6D572E9424F677AE0077A7A0 /* Assets.xcassets */,
				6D572E9624F677AE0077A7A0 /* LaunchScreen.storyboard */,
				6D572E9924F677AE0077A7A0 /* Info.plist */,
				6DB1E34F2506E0510031B23D /* ChefSectionController.swift */,
			);
			path = Lidora;
			sourceTree = "<group>";
		};
		6D83AD06250EB020005D1121 /* Utils */ = {
			isa = PBXGroup;
			children = (
				6D83AD07250EB02D005D1121 /* DateFormatter.swift */,
				6D83AD09250EB931005D1121 /* MessageAlert.swift */,
				6DE65687250FEDFB0098296A /* Extension.swift */,
			);
			path = Utils;
			sourceTree = "<group>";
		};
		6D83AD0B250EFAA2005D1121 /* Settings */ = {
			isa = PBXGroup;
			children = (
				6DB1E3512506F9720031B23D /* SettingsViewController.swift */,
				6DB1E35B25088D380031B23D /* PaymentViewController.swift */,
				6D87A83C25099B83008C2DC2 /* PaymentListViewController.swift */,
				6DE65683250FEABA0098296A /* ChangePasswordViewController.swift */,
			);
			path = Settings;
			sourceTree = "<group>";
		};
		6DA4DA992505B0F00048A3CE /* Views */ = {
			isa = PBXGroup;
			children = (
				6DD7B804250DD5A60044A8DF /* Cells  */,
				6DA4DA9A2505B11E0048A3CE /* LocationView.swift */,
				6DB1E35325071CD90031B23D /* EmptyView.swift */,
				6DD7B7FC250BE6720044A8DF /* OverView.swift */,
				6D83AD04250EA3F7005D1121 /* TitleView.swift */,
				6DE65689250FEE510098296A /* FieldRect.swift */,
				6D01CD322511843A00F4D746 /* LoadingButton.swift */,
			);
			path = Views;
			sourceTree = "<group>";
		};
		6DB1E35825072D150031B23D /* Services */ = {
			isa = PBXGroup;
			children = (
				6DB1E35625072D0E0031B23D /* LocationManager.swift */,
				6DA91B7C2509596F002B70A0 /* DataService.swift */,
				6D01CD2D2511719D00F4D746 /* AuthService.swift */,
			);
			path = Services;
			sourceTree = "<group>";
		};
		6DC0EE9525058AC1003440A8 /* ViewController  */ = {
			isa = PBXGroup;
			children = (
				6D01CD2F251182B100F4D746 /* Auth */,
				6D01CD2C2511718500F4D746 /* Main */,
				6D83AD0B250EFAA2005D1121 /* Settings */,
			);
			path = "ViewController ";
			sourceTree = "<group>";
		};
		6DC0EE9825058C5F003440A8 /* Model */ = {
			isa = PBXGroup;
			children = (
				6DC0EE9925058C74003440A8 /* Chef.swift */,
				6D87A83825099710008C2DC2 /* Card.swift */,
				6D87A83A25099873008C2DC2 /* User.swift */,
				6DD7B7FE250C5D050044A8DF /* Order.swift */,
			);
			path = Model;
			sourceTree = "<group>";
		};
		6DC57656250A96290046A43D /* Section */ = {
			isa = PBXGroup;
			children = (
				6DC57657250A963A0046A43D /* ChefSection.swift */,
				6DD7B7F4250B4D1D0044A8DF /* MenuSection.swift */,
				6DD7B800250DA3840044A8DF /* CardSection.swift */,
				6DE6568D2510032B0098296A /* ListSection.swift */,
				6DCB7F882515BCC400190C3A /* OrderSection.swift */,
				6DCB7F8A2515BE0300190C3A /* OrderInfoSection.swift */,
			);
			path = Section;
			sourceTree = "<group>";
		};
		6DD7B804250DD5A60044A8DF /* Cells  */ = {
			isa = PBXGroup;
			children = (
				6DC57659250AC28E0046A43D /* ImageCell.swift */,
				6DA4DA9E2505CF1D0048A3CE /* ChefCell.swift */,
				6DD7B7F2250B29D10044A8DF /* InfoCell.swift */,
				6DD7B7F8250BD0FE0044A8DF /* MenuCell.swift */,
				6DD7B802250DD39B0044A8DF /* OrderCell.swift */,
				6DE65685250FED4F0098296A /* TextFieldCell.swift */,
				6DE6568B250FFCE10098296A /* EmbeddedCollectionViewCell.swift */,
				6DCB7F862515BA7000190C3A /* HeaderCell.swift */,
			);
			path = "Cells ";
			sourceTree = "<group>";
		};
/* End PBXGroup section */

/* Begin PBXNativeTarget section */
		6D572E8724F677AB0077A7A0 /* Lidora */ = {
			isa = PBXNativeTarget;
			buildConfigurationList = 6D572E9C24F677AE0077A7A0 /* Build configuration list for PBXNativeTarget "Lidora" */;
			buildPhases = (
				E21FFF15B3855921DCFD1DC3 /* [CP] Check Pods Manifest.lock */,
				6D572E8424F677AB0077A7A0 /* Sources */,
				6D572E8524F677AB0077A7A0 /* Frameworks */,
				6D572E8624F677AB0077A7A0 /* Resources */,
				B3EA92D45FCDD49151AA04C9 /* [CP] Embed Pods Frameworks */,
			);
			buildRules = (
			);
			dependencies = (
			);
			name = Lidora;
			productName = Lidora;
			productReference = 6D572E8824F677AB0077A7A0 /* Lidora.app */;
			productType = "com.apple.product-type.application";
		};
/* End PBXNativeTarget section */

/* Begin PBXProject section */
		6D572E8024F677AB0077A7A0 /* Project object */ = {
			isa = PBXProject;
			attributes = {
				LastSwiftUpdateCheck = 1200;
				LastUpgradeCheck = 1200;
				TargetAttributes = {
					6D572E8724F677AB0077A7A0 = {
						CreatedOnToolsVersion = 12.0;
					};
				};
			};
			buildConfigurationList = 6D572E8324F677AB0077A7A0 /* Build configuration list for PBXProject "Lidora" */;
			compatibilityVersion = "Xcode 9.3";
			developmentRegion = en;
			hasScannedForEncodings = 0;
			knownRegions = (
				en,
				Base,
			);
			mainGroup = 6D572E7F24F677AB0077A7A0;
			productRefGroup = 6D572E8924F677AB0077A7A0 /* Products */;
			projectDirPath = "";
			projectRoot = "";
			targets = (
				6D572E8724F677AB0077A7A0 /* Lidora */,
			);
		};
/* End PBXProject section */

/* Begin PBXResourcesBuildPhase section */
		6D572E8624F677AB0077A7A0 /* Resources */ = {
			isa = PBXResourcesBuildPhase;
			buildActionMask = 2147483647;
			files = (
				6D572E9824F677AE0077A7A0 /* LaunchScreen.storyboard in Resources */,
				6DA82D822502992200EF8261 /* GoogleService-Info.plist in Resources */,
				6D572E9524F677AE0077A7A0 /* Assets.xcassets in Resources */,
				6D572E9324F677AB0077A7A0 /* Main.storyboard in Resources */,
			);
			runOnlyForDeploymentPostprocessing = 0;
		};
/* End PBXResourcesBuildPhase section */

/* Begin PBXShellScriptBuildPhase section */
		B3EA92D45FCDD49151AA04C9 /* [CP] Embed Pods Frameworks */ = {
			isa = PBXShellScriptBuildPhase;
			buildActionMask = 2147483647;
			files = (
			);
			inputFileListPaths = (
				"${PODS_ROOT}/Target Support Files/Pods-Lidora/Pods-Lidora-frameworks-${CONFIGURATION}-input-files.xcfilelist",
			);
			name = "[CP] Embed Pods Frameworks";
			outputFileListPaths = (
				"${PODS_ROOT}/Target Support Files/Pods-Lidora/Pods-Lidora-frameworks-${CONFIGURATION}-output-files.xcfilelist",
			);
			runOnlyForDeploymentPostprocessing = 0;
			shellPath = /bin/sh;
			shellScript = "\"${PODS_ROOT}/Target Support Files/Pods-Lidora/Pods-Lidora-frameworks.sh\"\n";
			showEnvVarsInLog = 0;
		};
		E21FFF15B3855921DCFD1DC3 /* [CP] Check Pods Manifest.lock */ = {
			isa = PBXShellScriptBuildPhase;
			buildActionMask = 2147483647;
			files = (
			);
			inputFileListPaths = (
			);
			inputPaths = (
				"${PODS_PODFILE_DIR_PATH}/Podfile.lock",
				"${PODS_ROOT}/Manifest.lock",
			);
			name = "[CP] Check Pods Manifest.lock";
			outputFileListPaths = (
			);
			outputPaths = (
				"$(DERIVED_FILE_DIR)/Pods-Lidora-checkManifestLockResult.txt",
			);
			runOnlyForDeploymentPostprocessing = 0;
			shellPath = /bin/sh;
			shellScript = "diff \"${PODS_PODFILE_DIR_PATH}/Podfile.lock\" \"${PODS_ROOT}/Manifest.lock\" > /dev/null\nif [ $? != 0 ] ; then\n    # print error to STDERR\n    echo \"error: The sandbox is not in sync with the Podfile.lock. Run 'pod install' or update your CocoaPods installation.\" >&2\n    exit 1\nfi\n# This output is used by Xcode 'outputs' to avoid re-running this script phase.\necho \"SUCCESS\" > \"${SCRIPT_OUTPUT_FILE_0}\"\n";
			showEnvVarsInLog = 0;
		};
/* End PBXShellScriptBuildPhase section */

/* Begin PBXSourcesBuildPhase section */
		6D572E8424F677AB0077A7A0 /* Sources */ = {
			isa = PBXSourcesBuildPhase;
			buildActionMask = 2147483647;
			files = (
				6D83AD08250EB02D005D1121 /* DateFormatter.swift in Sources */,
				6DD7B7FD250BE6720044A8DF /* OverView.swift in Sources */,
				6D83AD05250EA3F7005D1121 /* TitleView.swift in Sources */,
				6DB1E35425071CD90031B23D /* EmptyView.swift in Sources */,
				6D2FCFC62506050A00ABFBC1 /* MenuViewController.swift in Sources */,
				6DB1E35C25088D380031B23D /* PaymentViewController.swift in Sources */,
				6D01CD2E2511719D00F4D746 /* AuthService.swift in Sources */,
				6DB1E3502506E0510031B23D /* ChefSectionController.swift in Sources */,
				6DE6568C250FFCE10098296A /* EmbeddedCollectionViewCell.swift in Sources */,
				6DD7B7FF250C5D050044A8DF /* Order.swift in Sources */,
				6D83AD0A250EB931005D1121 /* MessageAlert.swift in Sources */,
				6DD7B801250DA3840044A8DF /* CardSection.swift in Sources */,
				6D01CD31251182D600F4D746 /* AuthViewController.swift in Sources */,
				6D572E8C24F677AB0077A7A0 /* AppDelegate.swift in Sources */,
				6DC5765A250AC28E0046A43D /* ImageCell.swift in Sources */,
				6DA4DA982505943B0048A3CE /* CardViewController.swift in Sources */,
				6D87A83925099710008C2DC2 /* Card.swift in Sources */,
				6D01CD332511843A00F4D746 /* LoadingButton.swift in Sources */,
				6D572E8E24F677AB0077A7A0 /* SceneDelegate.swift in Sources */,
				6DA91B7D2509596F002B70A0 /* DataService.swift in Sources */,
				6DE6568A250FEE510098296A /* FieldRect.swift in Sources */,
				6DA4DA9B2505B11E0048A3CE /* LocationView.swift in Sources */,
				6DD7B7F5250B4D1D0044A8DF /* MenuSection.swift in Sources */,
				6DE65686250FED4F0098296A /* TextFieldCell.swift in Sources */,
				6DD7B7FB250BE1D50044A8DF /* ScheduleViewController.swift in Sources */,
				6DA4DA9F2505CF1D0048A3CE /* ChefCell.swift in Sources */,
				6DC0EE9A25058C74003440A8 /* Chef.swift in Sources */,
				6DB1E35A250873B90031B23D /* OrdersViewController.swift in Sources */,
				6DE6568E2510032B0098296A /* ListSection.swift in Sources */,
				6DB1E35725072D0E0031B23D /* LocationManager.swift in Sources */,
				6D87A83B25099873008C2DC2 /* User.swift in Sources */,
				6DD7B803250DD39B0044A8DF /* OrderCell.swift in Sources */,
				6DE65688250FEDFB0098296A /* Extension.swift in Sources */,
				6DC57658250A963A0046A43D /* ChefSection.swift in Sources */,
				6DCB7F8B2515BE0300190C3A /* OrderInfoSection.swift in Sources */,
				6DCB7F872515BA7000190C3A /* HeaderCell.swift in Sources */,
				6D87A83D25099B83008C2DC2 /* PaymentListViewController.swift in Sources */,
				6DCB7F892515BCC400190C3A /* OrderSection.swift in Sources */,
				6DC0EE9725058AE0003440A8 /* MainViewController.swift in Sources */,
				6DE65684250FEABB0098296A /* ChangePasswordViewController.swift in Sources */,
				6DD7B7F9250BD0FE0044A8DF /* MenuCell.swift in Sources */,
				6DA4DA9D2505C31F0048A3CE /* LocationViewController.swift in Sources */,
				6DB1E3522506F9720031B23D /* SettingsViewController.swift in Sources */,
				6DD7B7F3250B29D10044A8DF /* InfoCell.swift in Sources */,
			);
			runOnlyForDeploymentPostprocessing = 0;
		};
/* End PBXSourcesBuildPhase section */

/* Begin PBXVariantGroup section */
		6D572E9124F677AB0077A7A0 /* Main.storyboard */ = {
			isa = PBXVariantGroup;
			children = (
				6D572E9224F677AB0077A7A0 /* Base */,
			);
			name = Main.storyboard;
			sourceTree = "<group>";
		};
		6D572E9624F677AE0077A7A0 /* LaunchScreen.storyboard */ = {
			isa = PBXVariantGroup;
			children = (
				6D572E9724F677AE0077A7A0 /* Base */,
			);
			name = LaunchScreen.storyboard;
			sourceTree = "<group>";
		};
/* End PBXVariantGroup section */

/* Begin XCBuildConfiguration section */
		6D572E9A24F677AE0077A7A0 /* Debug */ = {
			isa = XCBuildConfiguration;
			buildSettings = {
				ALWAYS_SEARCH_USER_PATHS = NO;
				CLANG_ANALYZER_NONNULL = YES;
				CLANG_ANALYZER_NUMBER_OBJECT_CONVERSION = YES_AGGRESSIVE;
				CLANG_CXX_LANGUAGE_STANDARD = "gnu++14";
				CLANG_CXX_LIBRARY = "libc++";
				CLANG_ENABLE_MODULES = YES;
				CLANG_ENABLE_OBJC_ARC = YES;
				CLANG_ENABLE_OBJC_WEAK = YES;
				CLANG_WARN_BLOCK_CAPTURE_AUTORELEASING = YES;
				CLANG_WARN_BOOL_CONVERSION = YES;
				CLANG_WARN_COMMA = YES;
				CLANG_WARN_CONSTANT_CONVERSION = YES;
				CLANG_WARN_DEPRECATED_OBJC_IMPLEMENTATIONS = YES;
				CLANG_WARN_DIRECT_OBJC_ISA_USAGE = YES_ERROR;
				CLANG_WARN_DOCUMENTATION_COMMENTS = YES;
				CLANG_WARN_EMPTY_BODY = YES;
				CLANG_WARN_ENUM_CONVERSION = YES;
				CLANG_WARN_INFINITE_RECURSION = YES;
				CLANG_WARN_INT_CONVERSION = YES;
				CLANG_WARN_NON_LITERAL_NULL_CONVERSION = YES;
				CLANG_WARN_OBJC_IMPLICIT_RETAIN_SELF = YES;
				CLANG_WARN_OBJC_LITERAL_CONVERSION = YES;
				CLANG_WARN_OBJC_ROOT_CLASS = YES_ERROR;
				CLANG_WARN_QUOTED_INCLUDE_IN_FRAMEWORK_HEADER = YES;
				CLANG_WARN_RANGE_LOOP_ANALYSIS = YES;
				CLANG_WARN_STRICT_PROTOTYPES = YES;
				CLANG_WARN_SUSPICIOUS_MOVE = YES;
				CLANG_WARN_UNGUARDED_AVAILABILITY = YES_AGGRESSIVE;
				CLANG_WARN_UNREACHABLE_CODE = YES;
				CLANG_WARN__DUPLICATE_METHOD_MATCH = YES;
				COPY_PHASE_STRIP = NO;
				DEBUG_INFORMATION_FORMAT = dwarf;
				ENABLE_STRICT_OBJC_MSGSEND = YES;
				ENABLE_TESTABILITY = YES;
				GCC_C_LANGUAGE_STANDARD = gnu11;
				GCC_DYNAMIC_NO_PIC = NO;
				GCC_NO_COMMON_BLOCKS = YES;
				GCC_OPTIMIZATION_LEVEL = 0;
				GCC_PREPROCESSOR_DEFINITIONS = (
					"DEBUG=1",
					"$(inherited)",
				);
				GCC_WARN_64_TO_32_BIT_CONVERSION = YES;
				GCC_WARN_ABOUT_RETURN_TYPE = YES_ERROR;
				GCC_WARN_UNDECLARED_SELECTOR = YES;
				GCC_WARN_UNINITIALIZED_AUTOS = YES_AGGRESSIVE;
				GCC_WARN_UNUSED_FUNCTION = YES;
				GCC_WARN_UNUSED_VARIABLE = YES;
				IPHONEOS_DEPLOYMENT_TARGET = 14.0;
				MTL_ENABLE_DEBUG_INFO = INCLUDE_SOURCE;
				MTL_FAST_MATH = YES;
				ONLY_ACTIVE_ARCH = YES;
				SDKROOT = iphoneos;
				SWIFT_ACTIVE_COMPILATION_CONDITIONS = DEBUG;
				SWIFT_OPTIMIZATION_LEVEL = "-Onone";
			};
			name = Debug;
		};
		6D572E9B24F677AE0077A7A0 /* Release */ = {
			isa = XCBuildConfiguration;
			buildSettings = {
				ALWAYS_SEARCH_USER_PATHS = NO;
				CLANG_ANALYZER_NONNULL = YES;
				CLANG_ANALYZER_NUMBER_OBJECT_CONVERSION = YES_AGGRESSIVE;
				CLANG_CXX_LANGUAGE_STANDARD = "gnu++14";
				CLANG_CXX_LIBRARY = "libc++";
				CLANG_ENABLE_MODULES = YES;
				CLANG_ENABLE_OBJC_ARC = YES;
				CLANG_ENABLE_OBJC_WEAK = YES;
				CLANG_WARN_BLOCK_CAPTURE_AUTORELEASING = YES;
				CLANG_WARN_BOOL_CONVERSION = YES;
				CLANG_WARN_COMMA = YES;
				CLANG_WARN_CONSTANT_CONVERSION = YES;
				CLANG_WARN_DEPRECATED_OBJC_IMPLEMENTATIONS = YES;
				CLANG_WARN_DIRECT_OBJC_ISA_USAGE = YES_ERROR;
				CLANG_WARN_DOCUMENTATION_COMMENTS = YES;
				CLANG_WARN_EMPTY_BODY = YES;
				CLANG_WARN_ENUM_CONVERSION = YES;
				CLANG_WARN_INFINITE_RECURSION = YES;
				CLANG_WARN_INT_CONVERSION = YES;
				CLANG_WARN_NON_LITERAL_NULL_CONVERSION = YES;
				CLANG_WARN_OBJC_IMPLICIT_RETAIN_SELF = YES;
				CLANG_WARN_OBJC_LITERAL_CONVERSION = YES;
				CLANG_WARN_OBJC_ROOT_CLASS = YES_ERROR;
				CLANG_WARN_QUOTED_INCLUDE_IN_FRAMEWORK_HEADER = YES;
				CLANG_WARN_RANGE_LOOP_ANALYSIS = YES;
				CLANG_WARN_STRICT_PROTOTYPES = YES;
				CLANG_WARN_SUSPICIOUS_MOVE = YES;
				CLANG_WARN_UNGUARDED_AVAILABILITY = YES_AGGRESSIVE;
				CLANG_WARN_UNREACHABLE_CODE = YES;
				CLANG_WARN__DUPLICATE_METHOD_MATCH = YES;
				COPY_PHASE_STRIP = NO;
				DEBUG_INFORMATION_FORMAT = "dwarf-with-dsym";
				ENABLE_NS_ASSERTIONS = NO;
				ENABLE_STRICT_OBJC_MSGSEND = YES;
				GCC_C_LANGUAGE_STANDARD = gnu11;
				GCC_NO_COMMON_BLOCKS = YES;
				GCC_WARN_64_TO_32_BIT_CONVERSION = YES;
				GCC_WARN_ABOUT_RETURN_TYPE = YES_ERROR;
				GCC_WARN_UNDECLARED_SELECTOR = YES;
				GCC_WARN_UNINITIALIZED_AUTOS = YES_AGGRESSIVE;
				GCC_WARN_UNUSED_FUNCTION = YES;
				GCC_WARN_UNUSED_VARIABLE = YES;
				IPHONEOS_DEPLOYMENT_TARGET = 14.0;
				MTL_ENABLE_DEBUG_INFO = NO;
				MTL_FAST_MATH = YES;
				SDKROOT = iphoneos;
				SWIFT_COMPILATION_MODE = wholemodule;
				SWIFT_OPTIMIZATION_LEVEL = "-O";
				VALIDATE_PRODUCT = YES;
			};
			name = Release;
		};
		6D572E9D24F677AE0077A7A0 /* Debug */ = {
			isa = XCBuildConfiguration;
			baseConfigurationReference = 81A1E47AE9FA2C55C3CE715B /* Pods-Lidora.debug.xcconfig */;
			buildSettings = {
				ASSETCATALOG_COMPILER_APPICON_NAME = AppIcon;
				ASSETCATALOG_COMPILER_GLOBAL_ACCENT_COLOR_NAME = AccentColor;
				CODE_SIGN_ENTITLEMENTS = Lidora/Lidora.entitlements;
				CODE_SIGN_STYLE = Automatic;
				DEVELOPMENT_TEAM = GF728A45JE;
				INFOPLIST_FILE = Lidora/Info.plist;
				LD_RUNPATH_SEARCH_PATHS = (
					"$(inherited)",
					"@executable_path/Frameworks",
				);
				PRODUCT_BUNDLE_IDENTIFIER = kurbs.com.Lidora;
				PRODUCT_NAME = "$(TARGET_NAME)";
				SWIFT_VERSION = 5.0;
				TARGETED_DEVICE_FAMILY = "1,2";
			};
			name = Debug;
		};
		6D572E9E24F677AE0077A7A0 /* Release */ = {
			isa = XCBuildConfiguration;
			baseConfigurationReference = D505CB90AB7BBAB0241D080F /* Pods-Lidora.release.xcconfig */;
			buildSettings = {
				ASSETCATALOG_COMPILER_APPICON_NAME = AppIcon;
				ASSETCATALOG_COMPILER_GLOBAL_ACCENT_COLOR_NAME = AccentColor;
				CODE_SIGN_ENTITLEMENTS = Lidora/Lidora.entitlements;
				CODE_SIGN_STYLE = Automatic;
				DEVELOPMENT_TEAM = GF728A45JE;
				INFOPLIST_FILE = Lidora/Info.plist;
				LD_RUNPATH_SEARCH_PATHS = (
					"$(inherited)",
					"@executable_path/Frameworks",
				);
				PRODUCT_BUNDLE_IDENTIFIER = kurbs.com.Lidora;
				PRODUCT_NAME = "$(TARGET_NAME)";
				SWIFT_VERSION = 5.0;
				TARGETED_DEVICE_FAMILY = "1,2";
			};
			name = Release;
		};
/* End XCBuildConfiguration section */

/* Begin XCConfigurationList section */
		6D572E8324F677AB0077A7A0 /* Build configuration list for PBXProject "Lidora" */ = {
			isa = XCConfigurationList;
			buildConfigurations = (
				6D572E9A24F677AE0077A7A0 /* Debug */,
				6D572E9B24F677AE0077A7A0 /* Release */,
			);
			defaultConfigurationIsVisible = 0;
			defaultConfigurationName = Release;
		};
		6D572E9C24F677AE0077A7A0 /* Build configuration list for PBXNativeTarget "Lidora" */ = {
			isa = XCConfigurationList;
			buildConfigurations = (
				6D572E9D24F677AE0077A7A0 /* Debug */,
				6D572E9E24F677AE0077A7A0 /* Release */,
			);
			defaultConfigurationIsVisible = 0;
			defaultConfigurationName = Release;
		};
/* End XCConfigurationList section */
	};
	rootObject = 6D572E8024F677AB0077A7A0 /* Project object */;
}
